PODS:
  - SDWebImage (4.4.2):
    - SDWebImage/Core (= 4.4.2)
  - SDWebImage/Core (4.4.2)
  - UIScrollView-InfiniteScroll (1.1.0)

DEPENDENCIES:
  - SDWebImage (~> 4.0)
  - UIScrollView-InfiniteScroll (~> 1.1.0)

SPEC REPOS:
  https://github.com/cocoapods/specs.git:
    - SDWebImage
    - UIScrollView-InfiniteScroll

SPEC CHECKSUMS:
  SDWebImage: 624d6e296c69b244bcede364c72ae0430ac14681
  UIScrollView-InfiniteScroll: 3ef456bcbe759c19f510a383cff96e6647c98c98

PODFILE CHECKSUM: 6db62b683b4d1bf6dbcc10f2a848da7e50f53689

COCOAPODS: 1.5.3
